
Microsoft Visual Studio Solution File, Format Version 12.00
# Visual Studio Version 16
VisualStudioVersion = 16.0.31402.337
MinimumVisualStudioVersion = 10.0.40219.1
Project("{FAE04EC0-301F-11D3-BF4B-00C04F79EFBC}") = "ServerClientSocket", "ServidorSocket\ServerClientSocket.csproj", "{F770F0EE-4F3E-4704-BB0B-D5D14B3F0563}"
EndProject
Global
	GlobalSection(SolutionConfigurationPlatforms) = preSolution
		Debug|Any CPU = Debug|Any CPU
		Release|Any CPU = Release|Any CPU
	EndGlobalSection
	GlobalSection(ProjectConfigurationPlatforms) = postSolution
		{F770F0EE-4F3E-4704-BB0B-D5D14B3F0563}.Debug|Any CPU.ActiveCfg = Debug|Any CPU
		{F770F0EE-4F3E-4704-BB0B-D5D14B3F0563}.Debug|Any CPU.Build.0 = Debug|Any CPU
		{F770F0EE-4F3E-4704-BB0B-D5D14B3F0563}.Release|Any CPU.ActiveCfg = Release|Any CPU
		{F770F0EE-4F3E-4704-BB0B-D5D14B3F0563}.Release|Any CPU.Build.0 = Release|Any CPU
	EndGlobalSection
	GlobalSection(SolutionProperties) = preSolution
		HideSolutionNode = FALSE
	EndGlobalSection
	GlobalSection(ExtensibilityGlobals) = postSolution
		SolutionGuid = {E1A10F5C-B652-4E30-81D6-6095B8658AC0}
	EndGlobalSection
EndGlobal
